
Microsoft Visual Studio Solution File, Format Version 12.00
# Visual Studio 15
VisualStudioVersion = 15.0.26730.16
MinimumVisualStudioVersion = 10.0.40219.1
Project("{2150E333-8FDC-42A3-9474-1A3956D46DE8}") = "src", "src", "{576E56EA-6F6F-4594-8D14-DD133881D26B}"
EndProject
Project("{2150E333-8FDC-42A3-9474-1A3956D46DE8}") = "test", "test", "{3D61FE42-AE02-44A1-AC40-D11AA95FECD9}"
EndProject
Project("{F2A71F9B-5D33-465A-A702-920D77279786}") = "Filomena.Backend.Models", "src\Filomena.Backend.Models\Filomena.Backend.Models.fsproj", "{E90D4254-FB49-4364-A2CC-DD8078B671E7}"
EndProject
Project("{F2A71F9B-5D33-465A-A702-920D77279786}") = "Filomena.Backend.ParsingTest", "test\Filomena.Backend.ParsingTest\Filomena.Backend.ParsingTest.fsproj", "{58F3B964-BD5E-4BD0-B7B0-377402EA5726}"
EndProject
Project("{F2A71F9B-5D33-465A-A702-920D77279786}") = "Filomena.Backend.Parsing", "src\Filomena.Backend.Parsing\Filomena.Backend.Parsing.fsproj", "{8B00C4C8-58BC-4686-B2FE-1573F5D63D59}"
EndProject
Global
	GlobalSection(SolutionConfigurationPlatforms) = preSolution
		Debug|Any CPU = Debug|Any CPU
		Release|Any CPU = Release|Any CPU
	EndGlobalSection
	GlobalSection(ProjectConfigurationPlatforms) = postSolution
		{E90D4254-FB49-4364-A2CC-DD8078B671E7}.Debug|Any CPU.ActiveCfg = Debug|Any CPU
		{E90D4254-FB49-4364-A2CC-DD8078B671E7}.Debug|Any CPU.Build.0 = Debug|Any CPU
		{E90D4254-FB49-4364-A2CC-DD8078B671E7}.Release|Any CPU.ActiveCfg = Release|Any CPU
		{E90D4254-FB49-4364-A2CC-DD8078B671E7}.Release|Any CPU.Build.0 = Release|Any CPU
		{58F3B964-BD5E-4BD0-B7B0-377402EA5726}.Debug|Any CPU.ActiveCfg = Debug|Any CPU
		{58F3B964-BD5E-4BD0-B7B0-377402EA5726}.Debug|Any CPU.Build.0 = Debug|Any CPU
		{58F3B964-BD5E-4BD0-B7B0-377402EA5726}.Release|Any CPU.ActiveCfg = Release|Any CPU
		{58F3B964-BD5E-4BD0-B7B0-377402EA5726}.Release|Any CPU.Build.0 = Release|Any CPU
		{8B00C4C8-58BC-4686-B2FE-1573F5D63D59}.Debug|Any CPU.ActiveCfg = Debug|Any CPU
		{8B00C4C8-58BC-4686-B2FE-1573F5D63D59}.Debug|Any CPU.Build.0 = Debug|Any CPU
		{8B00C4C8-58BC-4686-B2FE-1573F5D63D59}.Release|Any CPU.ActiveCfg = Release|Any CPU
		{8B00C4C8-58BC-4686-B2FE-1573F5D63D59}.Release|Any CPU.Build.0 = Release|Any CPU
	EndGlobalSection
	GlobalSection(SolutionProperties) = preSolution
		HideSolutionNode = FALSE
	EndGlobalSection
	GlobalSection(NestedProjects) = preSolution
		{E90D4254-FB49-4364-A2CC-DD8078B671E7} = {576E56EA-6F6F-4594-8D14-DD133881D26B}
		{58F3B964-BD5E-4BD0-B7B0-377402EA5726} = {3D61FE42-AE02-44A1-AC40-D11AA95FECD9}
		{8B00C4C8-58BC-4686-B2FE-1573F5D63D59} = {576E56EA-6F6F-4594-8D14-DD133881D26B}
	EndGlobalSection
	GlobalSection(ExtensibilityGlobals) = postSolution
		SolutionGuid = {C46305E9-329B-4272-BBD3-5A1D60142A85}
	EndGlobalSection
EndGlobal
