
Microsoft Visual Studio Solution File, Format Version 12.00
# Visual Studio 15
VisualStudioVersion = 15.0.26124.0
MinimumVisualStudioVersion = 15.0.26124.0
Project("{2150E333-8FDC-42A3-9474-1A3956D46DE8}") = "src", "src", "{34A20E3B-A30B-4659-8446-852AC5F55FBB}"
EndProject
Project("{F2A71F9B-5D33-465A-A702-920D77279786}") = "Filomena.Backend.Models", "src\Filomena.Backend.Models\Filomena.Backend.Models.fsproj", "{164DAA2D-9F0D-47C7-8F3D-5E13841967E7}"
EndProject
Project("{F2A71F9B-5D33-465A-A702-920D77279786}") = "Filomena.Backend.Parsing", "src\Filomena.Backend.Parsing\Filomena.Backend.Parsing.fsproj", "{98B4A26F-8974-4F5E-9A7F-5E1253738E2F}"
EndProject
Project("{2150E333-8FDC-42A3-9474-1A3956D46DE8}") = "test", "test", "{25440771-2EC5-424F-B2E1-585A8CC7FD1A}"
EndProject
Project("{F2A71F9B-5D33-465A-A702-920D77279786}") = "Filomena.Backend.ParsingTest", "test\Filomena.Backend.ParsingTest\Filomena.Backend.ParsingTest.fsproj", "{C233DF59-679D-4C4D-86F3-B490AC05AC61}"
EndProject
Project("{F2A71F9B-5D33-465A-A702-920D77279786}") = "Filomena.Backend.Endpoint", "src\Filomena.Backend.Endpoint\Filomena.Backend.Endpoint.fsproj", "{AB7FD9AE-19D0-4DA2-B6CC-CADC33BB3A05}"
EndProject
Project("{F2A71F9B-5D33-465A-A702-920D77279786}") = "Filomena.Backend.ResolverClient", "src\Filomena.Backend.ResolverClient\Filomena.Backend.ResolverClient.fsproj", "{370BDBC1-C711-4839-ACFC-F9BDA3820B3B}"
EndProject
Global
	GlobalSection(SolutionConfigurationPlatforms) = preSolution
		Debug|Any CPU = Debug|Any CPU
		Debug|x64 = Debug|x64
		Debug|x86 = Debug|x86
		Release|Any CPU = Release|Any CPU
		Release|x64 = Release|x64
		Release|x86 = Release|x86
	EndGlobalSection
	GlobalSection(SolutionProperties) = preSolution
		HideSolutionNode = FALSE
	EndGlobalSection
	GlobalSection(ProjectConfigurationPlatforms) = postSolution
		{164DAA2D-9F0D-47C7-8F3D-5E13841967E7}.Debug|Any CPU.ActiveCfg = Debug|Any CPU
		{164DAA2D-9F0D-47C7-8F3D-5E13841967E7}.Debug|Any CPU.Build.0 = Debug|Any CPU
		{164DAA2D-9F0D-47C7-8F3D-5E13841967E7}.Debug|x64.ActiveCfg = Debug|x64
		{164DAA2D-9F0D-47C7-8F3D-5E13841967E7}.Debug|x64.Build.0 = Debug|x64
		{164DAA2D-9F0D-47C7-8F3D-5E13841967E7}.Debug|x86.ActiveCfg = Debug|x86
		{164DAA2D-9F0D-47C7-8F3D-5E13841967E7}.Debug|x86.Build.0 = Debug|x86
		{164DAA2D-9F0D-47C7-8F3D-5E13841967E7}.Release|Any CPU.ActiveCfg = Release|Any CPU
		{164DAA2D-9F0D-47C7-8F3D-5E13841967E7}.Release|Any CPU.Build.0 = Release|Any CPU
		{164DAA2D-9F0D-47C7-8F3D-5E13841967E7}.Release|x64.ActiveCfg = Release|x64
		{164DAA2D-9F0D-47C7-8F3D-5E13841967E7}.Release|x64.Build.0 = Release|x64
		{164DAA2D-9F0D-47C7-8F3D-5E13841967E7}.Release|x86.ActiveCfg = Release|x86
		{164DAA2D-9F0D-47C7-8F3D-5E13841967E7}.Release|x86.Build.0 = Release|x86
		{98B4A26F-8974-4F5E-9A7F-5E1253738E2F}.Debug|Any CPU.ActiveCfg = Debug|Any CPU
		{98B4A26F-8974-4F5E-9A7F-5E1253738E2F}.Debug|Any CPU.Build.0 = Debug|Any CPU
		{98B4A26F-8974-4F5E-9A7F-5E1253738E2F}.Debug|x64.ActiveCfg = Debug|x64
		{98B4A26F-8974-4F5E-9A7F-5E1253738E2F}.Debug|x64.Build.0 = Debug|x64
		{98B4A26F-8974-4F5E-9A7F-5E1253738E2F}.Debug|x86.ActiveCfg = Debug|x86
		{98B4A26F-8974-4F5E-9A7F-5E1253738E2F}.Debug|x86.Build.0 = Debug|x86
		{98B4A26F-8974-4F5E-9A7F-5E1253738E2F}.Release|Any CPU.ActiveCfg = Release|Any CPU
		{98B4A26F-8974-4F5E-9A7F-5E1253738E2F}.Release|Any CPU.Build.0 = Release|Any CPU
		{98B4A26F-8974-4F5E-9A7F-5E1253738E2F}.Release|x64.ActiveCfg = Release|x64
		{98B4A26F-8974-4F5E-9A7F-5E1253738E2F}.Release|x64.Build.0 = Release|x64
		{98B4A26F-8974-4F5E-9A7F-5E1253738E2F}.Release|x86.ActiveCfg = Release|x86
		{98B4A26F-8974-4F5E-9A7F-5E1253738E2F}.Release|x86.Build.0 = Release|x86
		{C233DF59-679D-4C4D-86F3-B490AC05AC61}.Debug|Any CPU.ActiveCfg = Debug|Any CPU
		{C233DF59-679D-4C4D-86F3-B490AC05AC61}.Debug|Any CPU.Build.0 = Debug|Any CPU
		{C233DF59-679D-4C4D-86F3-B490AC05AC61}.Debug|x64.ActiveCfg = Debug|x64
		{C233DF59-679D-4C4D-86F3-B490AC05AC61}.Debug|x64.Build.0 = Debug|x64
		{C233DF59-679D-4C4D-86F3-B490AC05AC61}.Debug|x86.ActiveCfg = Debug|x86
		{C233DF59-679D-4C4D-86F3-B490AC05AC61}.Debug|x86.Build.0 = Debug|x86
		{C233DF59-679D-4C4D-86F3-B490AC05AC61}.Release|Any CPU.ActiveCfg = Release|Any CPU
		{C233DF59-679D-4C4D-86F3-B490AC05AC61}.Release|Any CPU.Build.0 = Release|Any CPU
		{C233DF59-679D-4C4D-86F3-B490AC05AC61}.Release|x64.ActiveCfg = Release|x64
		{C233DF59-679D-4C4D-86F3-B490AC05AC61}.Release|x64.Build.0 = Release|x64
		{C233DF59-679D-4C4D-86F3-B490AC05AC61}.Release|x86.ActiveCfg = Release|x86
		{C233DF59-679D-4C4D-86F3-B490AC05AC61}.Release|x86.Build.0 = Release|x86
		{AB7FD9AE-19D0-4DA2-B6CC-CADC33BB3A05}.Debug|Any CPU.ActiveCfg = Debug|Any CPU
		{AB7FD9AE-19D0-4DA2-B6CC-CADC33BB3A05}.Debug|Any CPU.Build.0 = Debug|Any CPU
		{AB7FD9AE-19D0-4DA2-B6CC-CADC33BB3A05}.Debug|x64.ActiveCfg = Debug|x64
		{AB7FD9AE-19D0-4DA2-B6CC-CADC33BB3A05}.Debug|x64.Build.0 = Debug|x64
		{AB7FD9AE-19D0-4DA2-B6CC-CADC33BB3A05}.Debug|x86.ActiveCfg = Debug|x86
		{AB7FD9AE-19D0-4DA2-B6CC-CADC33BB3A05}.Debug|x86.Build.0 = Debug|x86
		{AB7FD9AE-19D0-4DA2-B6CC-CADC33BB3A05}.Release|Any CPU.ActiveCfg = Release|Any CPU
		{AB7FD9AE-19D0-4DA2-B6CC-CADC33BB3A05}.Release|Any CPU.Build.0 = Release|Any CPU
		{AB7FD9AE-19D0-4DA2-B6CC-CADC33BB3A05}.Release|x64.ActiveCfg = Release|x64
		{AB7FD9AE-19D0-4DA2-B6CC-CADC33BB3A05}.Release|x64.Build.0 = Release|x64
		{AB7FD9AE-19D0-4DA2-B6CC-CADC33BB3A05}.Release|x86.ActiveCfg = Release|x86
		{AB7FD9AE-19D0-4DA2-B6CC-CADC33BB3A05}.Release|x86.Build.0 = Release|x86
		{370BDBC1-C711-4839-ACFC-F9BDA3820B3B}.Debug|Any CPU.ActiveCfg = Debug|Any CPU
		{370BDBC1-C711-4839-ACFC-F9BDA3820B3B}.Debug|Any CPU.Build.0 = Debug|Any CPU
		{370BDBC1-C711-4839-ACFC-F9BDA3820B3B}.Debug|x64.ActiveCfg = Debug|x64
		{370BDBC1-C711-4839-ACFC-F9BDA3820B3B}.Debug|x64.Build.0 = Debug|x64
		{370BDBC1-C711-4839-ACFC-F9BDA3820B3B}.Debug|x86.ActiveCfg = Debug|x86
		{370BDBC1-C711-4839-ACFC-F9BDA3820B3B}.Debug|x86.Build.0 = Debug|x86
		{370BDBC1-C711-4839-ACFC-F9BDA3820B3B}.Release|Any CPU.ActiveCfg = Release|Any CPU
		{370BDBC1-C711-4839-ACFC-F9BDA3820B3B}.Release|Any CPU.Build.0 = Release|Any CPU
		{370BDBC1-C711-4839-ACFC-F9BDA3820B3B}.Release|x64.ActiveCfg = Release|x64
		{370BDBC1-C711-4839-ACFC-F9BDA3820B3B}.Release|x64.Build.0 = Release|x64
		{370BDBC1-C711-4839-ACFC-F9BDA3820B3B}.Release|x86.ActiveCfg = Release|x86
		{370BDBC1-C711-4839-ACFC-F9BDA3820B3B}.Release|x86.Build.0 = Release|x86
	EndGlobalSection
	GlobalSection(NestedProjects) = preSolution
		{164DAA2D-9F0D-47C7-8F3D-5E13841967E7} = {34A20E3B-A30B-4659-8446-852AC5F55FBB}
		{98B4A26F-8974-4F5E-9A7F-5E1253738E2F} = {34A20E3B-A30B-4659-8446-852AC5F55FBB}
		{C233DF59-679D-4C4D-86F3-B490AC05AC61} = {25440771-2EC5-424F-B2E1-585A8CC7FD1A}
		{AB7FD9AE-19D0-4DA2-B6CC-CADC33BB3A05} = {34A20E3B-A30B-4659-8446-852AC5F55FBB}
		{370BDBC1-C711-4839-ACFC-F9BDA3820B3B} = {34A20E3B-A30B-4659-8446-852AC5F55FBB}
	EndGlobalSection
EndGlobal
