Microsoft Visual Studio Solution File, Format Version 12.00
# Visual Studio 15
VisualStudioVersion = 15.0.26403.7
MinimumVisualStudioVersion = 15.0.26124.0
Project("{2150E333-8FDC-42A3-9474-1A3956D46DE8}") = "src", "src", "{6BA49490-7568-496E-8073-AC6C15C03FDD}"
EndProject
Project("{FAE04EC0-301F-11D3-BF4B-00C04F79EFBC}") = "Filomena.Backend.Service", "src\Filomena.Backend.Service\Filomena.Backend.Service.csproj", "{49822BFB-C4CF-49EF-B905-74117AF43AA7}"
EndProject
Project("{FAE04EC0-301F-11D3-BF4B-00C04F79EFBC}") = "Filomena.Backend.Data", "src\Filomena.Backend.Data\Filomena.Backend.Data.csproj", "{D7B20954-F8FF-476F-AAD8-0A7F40F85433}"
EndProject
Project("{FAE04EC0-301F-11D3-BF4B-00C04F79EFBC}") = "Filomena.Backend.ExecutorClient", "src\Filomena.Backend.ExecutorClient\Filomena.Backend.ExecutorClient.csproj", "{C4398CCF-4C0A-4396-A23C-7520E0C0353D}"
EndProject
Project("{FAE04EC0-301F-11D3-BF4B-00C04F79EFBC}") = "Filomena.Backend.Models", "src\Filomena.Backend.Models\Filomena.Backend.Models.csproj", "{87160EF5-6334-49BC-A718-83722F2A3D99}"
EndProject
Project("{2150E333-8FDC-42A3-9474-1A3956D46DE8}") = "test", "test", "{E9CCA7B9-5436-49BE-9810-DB76A52658F4}"
EndProject
Global
	GlobalSection(SolutionConfigurationPlatforms) = preSolution
		Debug|Any CPU = Debug|Any CPU
		Debug|x64 = Debug|x64
		Debug|x86 = Debug|x86
		Release|Any CPU = Release|Any CPU
		Release|x64 = Release|x64
		Release|x86 = Release|x86
	EndGlobalSection
	GlobalSection(ProjectConfigurationPlatforms) = postSolution
		{49822BFB-C4CF-49EF-B905-74117AF43AA7}.Debug|Any CPU.ActiveCfg = Debug|Any CPU
		{49822BFB-C4CF-49EF-B905-74117AF43AA7}.Debug|Any CPU.Build.0 = Debug|Any CPU
		{49822BFB-C4CF-49EF-B905-74117AF43AA7}.Debug|x64.ActiveCfg = Debug|Any CPU
		{49822BFB-C4CF-49EF-B905-74117AF43AA7}.Debug|x64.Build.0 = Debug|Any CPU
		{49822BFB-C4CF-49EF-B905-74117AF43AA7}.Debug|x86.ActiveCfg = Debug|Any CPU
		{49822BFB-C4CF-49EF-B905-74117AF43AA7}.Debug|x86.Build.0 = Debug|Any CPU
		{49822BFB-C4CF-49EF-B905-74117AF43AA7}.Release|Any CPU.ActiveCfg = Release|Any CPU
		{49822BFB-C4CF-49EF-B905-74117AF43AA7}.Release|Any CPU.Build.0 = Release|Any CPU
		{49822BFB-C4CF-49EF-B905-74117AF43AA7}.Release|x64.ActiveCfg = Release|Any CPU
		{49822BFB-C4CF-49EF-B905-74117AF43AA7}.Release|x64.Build.0 = Release|Any CPU
		{49822BFB-C4CF-49EF-B905-74117AF43AA7}.Release|x86.ActiveCfg = Release|Any CPU
		{49822BFB-C4CF-49EF-B905-74117AF43AA7}.Release|x86.Build.0 = Release|Any CPU
		{D7B20954-F8FF-476F-AAD8-0A7F40F85433}.Debug|Any CPU.ActiveCfg = Debug|Any CPU
		{D7B20954-F8FF-476F-AAD8-0A7F40F85433}.Debug|Any CPU.Build.0 = Debug|Any CPU
		{D7B20954-F8FF-476F-AAD8-0A7F40F85433}.Debug|x64.ActiveCfg = Debug|Any CPU
		{D7B20954-F8FF-476F-AAD8-0A7F40F85433}.Debug|x64.Build.0 = Debug|Any CPU
		{D7B20954-F8FF-476F-AAD8-0A7F40F85433}.Debug|x86.ActiveCfg = Debug|Any CPU
		{D7B20954-F8FF-476F-AAD8-0A7F40F85433}.Debug|x86.Build.0 = Debug|Any CPU
		{D7B20954-F8FF-476F-AAD8-0A7F40F85433}.Release|Any CPU.ActiveCfg = Release|Any CPU
		{D7B20954-F8FF-476F-AAD8-0A7F40F85433}.Release|Any CPU.Build.0 = Release|Any CPU
		{D7B20954-F8FF-476F-AAD8-0A7F40F85433}.Release|x64.ActiveCfg = Release|Any CPU
		{D7B20954-F8FF-476F-AAD8-0A7F40F85433}.Release|x64.Build.0 = Release|Any CPU
		{D7B20954-F8FF-476F-AAD8-0A7F40F85433}.Release|x86.ActiveCfg = Release|Any CPU
		{D7B20954-F8FF-476F-AAD8-0A7F40F85433}.Release|x86.Build.0 = Release|Any CPU
		{C4398CCF-4C0A-4396-A23C-7520E0C0353D}.Debug|Any CPU.ActiveCfg = Debug|Any CPU
		{C4398CCF-4C0A-4396-A23C-7520E0C0353D}.Debug|Any CPU.Build.0 = Debug|Any CPU
		{C4398CCF-4C0A-4396-A23C-7520E0C0353D}.Debug|x64.ActiveCfg = Debug|Any CPU
		{C4398CCF-4C0A-4396-A23C-7520E0C0353D}.Debug|x64.Build.0 = Debug|Any CPU
		{C4398CCF-4C0A-4396-A23C-7520E0C0353D}.Debug|x86.ActiveCfg = Debug|Any CPU
		{C4398CCF-4C0A-4396-A23C-7520E0C0353D}.Debug|x86.Build.0 = Debug|Any CPU
		{C4398CCF-4C0A-4396-A23C-7520E0C0353D}.Release|Any CPU.ActiveCfg = Release|Any CPU
		{C4398CCF-4C0A-4396-A23C-7520E0C0353D}.Release|Any CPU.Build.0 = Release|Any CPU
		{C4398CCF-4C0A-4396-A23C-7520E0C0353D}.Release|x64.ActiveCfg = Release|Any CPU
		{C4398CCF-4C0A-4396-A23C-7520E0C0353D}.Release|x64.Build.0 = Release|Any CPU
		{C4398CCF-4C0A-4396-A23C-7520E0C0353D}.Release|x86.ActiveCfg = Release|Any CPU
		{C4398CCF-4C0A-4396-A23C-7520E0C0353D}.Release|x86.Build.0 = Release|Any CPU
		{87160EF5-6334-49BC-A718-83722F2A3D99}.Debug|Any CPU.ActiveCfg = Debug|Any CPU
		{87160EF5-6334-49BC-A718-83722F2A3D99}.Debug|Any CPU.Build.0 = Debug|Any CPU
		{87160EF5-6334-49BC-A718-83722F2A3D99}.Debug|x64.ActiveCfg = Debug|Any CPU
		{87160EF5-6334-49BC-A718-83722F2A3D99}.Debug|x64.Build.0 = Debug|Any CPU
		{87160EF5-6334-49BC-A718-83722F2A3D99}.Debug|x86.ActiveCfg = Debug|Any CPU
		{87160EF5-6334-49BC-A718-83722F2A3D99}.Debug|x86.Build.0 = Debug|Any CPU
		{87160EF5-6334-49BC-A718-83722F2A3D99}.Release|Any CPU.ActiveCfg = Release|Any CPU
		{87160EF5-6334-49BC-A718-83722F2A3D99}.Release|Any CPU.Build.0 = Release|Any CPU
		{87160EF5-6334-49BC-A718-83722F2A3D99}.Release|x64.ActiveCfg = Release|Any CPU
		{87160EF5-6334-49BC-A718-83722F2A3D99}.Release|x64.Build.0 = Release|Any CPU
		{87160EF5-6334-49BC-A718-83722F2A3D99}.Release|x86.ActiveCfg = Release|Any CPU
		{87160EF5-6334-49BC-A718-83722F2A3D99}.Release|x86.Build.0 = Release|Any CPU
	EndGlobalSection
	GlobalSection(SolutionProperties) = preSolution
		HideSolutionNode = FALSE
	EndGlobalSection
	GlobalSection(NestedProjects) = preSolution
		{49822BFB-C4CF-49EF-B905-74117AF43AA7} = {6BA49490-7568-496E-8073-AC6C15C03FDD}
		{D7B20954-F8FF-476F-AAD8-0A7F40F85433} = {6BA49490-7568-496E-8073-AC6C15C03FDD}
		{C4398CCF-4C0A-4396-A23C-7520E0C0353D} = {6BA49490-7568-496E-8073-AC6C15C03FDD}
		{87160EF5-6334-49BC-A718-83722F2A3D99} = {6BA49490-7568-496E-8073-AC6C15C03FDD}
	EndGlobalSection
EndGlobal
